
Microsoft Visual Studio Solution File, Format Version 12.00
# Visual Studio Version 17
VisualStudioVersion = 17.14.37328.6
MinimumVisualStudioVersion = 10.0.40219.1
Project("{2150E333-8FDC-42A3-9474-1A3956D46DE8}") = "Source", "Source", "{02EA681E-C7D8-13C7-8484-4AC65E1B71E8}"
EndProject
Project("{2150E333-8FDC-42A3-9474-1A3956D46DE8}") = "Core", "Core", "{6851DCF9-76D7-4D55-A416-19D5A5C28442}"
EndProject
Project("{FAE04EC0-301F-11D3-BF4B-00C04F79EFBC}") = "ArtemisBankingPro.Core.Application", "Source\Core\Artemis Banking Pro.Core.Application\ArtemisBankingPro.Core.Application.csproj", "{5BC0B173-5D2E-4F4A-8321-676E0A726E3E}"
EndProject
Project("{FAE04EC0-301F-11D3-BF4B-00C04F79EFBC}") = "ArtemisBankingPro.Core.Domain", "Source\Core\ArtemisBankingPro.Core.Domain\ArtemisBankingPro.Core.Domain.csproj", "{03BC6C26-ED30-40F0-BB3E-A360CEA64890}"
EndProject
Project("{2150E333-8FDC-42A3-9474-1A3956D46DE8}") = "Infraestructure", "Infraestructure", "{BC95AFB0-2CBE-40B8-B2C3-D5033E289992}"
EndProject
Project("{2150E333-8FDC-42A3-9474-1A3956D46DE8}") = "Identity", "Identity", "{B2F2200D-AD44-45EF-BA1A-84AB3950AF32}"
EndProject
Project("{FAE04EC0-301F-11D3-BF4B-00C04F79EFBC}") = "ArtemisBankingPro.Infraestructrue.Identity", "Source\Infaestructure\ArtemisBankingPro.Infraestructrue.Identity\ArtemisBankingPro.Infraestructrue.Identity.csproj", "{29770637-7F54-4AF6-85FA-B268EFD4B1EA}"
EndProject
Project("{2150E333-8FDC-42A3-9474-1A3956D46DE8}") = "Persistentce", "Persistentce", "{30CCAF8D-87AF-4A5C-BD4A-A8811199EA4D}"
EndProject
Project("{FAE04EC0-301F-11D3-BF4B-00C04F79EFBC}") = "ArtemisBankingPro.Infraestructrue.Persistence", "Source\Infaestructure\ArtemisBankingPro.Infraestructrue.Persistence\ArtemisBankingPro.Infraestructrue.Persistence.csproj", "{5B7CDE53-806F-45B0-B347-BE779E55A763}"
EndProject
Project("{2150E333-8FDC-42A3-9474-1A3956D46DE8}") = "Shared", "Shared", "{D36CC0CC-0632-40F6-A417-9DDE08C5E9FD}"
EndProject
Project("{FAE04EC0-301F-11D3-BF4B-00C04F79EFBC}") = "ArtemisBankingPro.Infraestructrue.Shared", "Source\Infaestructure\ArtemisBankingPro.Infraestructrue.Shared\ArtemisBankingPro.Infraestructrue.Shared.csproj", "{E5F19579-9734-4713-A032-1B7C154609DE}"
EndProject
Project("{2150E333-8FDC-42A3-9474-1A3956D46DE8}") = "Presentation", "Presentation", "{15464B55-D345-459E-A4C8-510EC5EA4546}"
EndProject
Project("{2150E333-8FDC-42A3-9474-1A3956D46DE8}") = "WebApi", "WebApi", "{EF239262-9EDE-4B12-8C52-BF146D4DF6EF}"
EndProject
Project("{FAE04EC0-301F-11D3-BF4B-00C04F79EFBC}") = "ArtemisBankingPro.Presentation.WebApi", "Source\Presentation\ArtemisBankingPro.Presentation.WebApi\ArtemisBankingPro.Presentation.WebApi.csproj", "{88CF5F5D-AACF-4CE1-9E59-2F807FB262F1}"
EndProject
Project("{2150E333-8FDC-42A3-9474-1A3956D46DE8}") = "WebApp", "WebApp", "{D53970EB-C213-4920-AAD2-5131E45797BC}"
EndProject
Project("{FAE04EC0-301F-11D3-BF4B-00C04F79EFBC}") = "ArtemisBankingPro.Presentation.WebApp", "Source\Presentation\ArtemisBankingPro.Presentation.WebApp\ArtemisBankingPro.Presentation.WebApp.csproj", "{E9118DF3-2CE6-4EE8-8C66-7057EAC0A32C}"
EndProject
Project("{2150E333-8FDC-42A3-9474-1A3956D46DE8}") = "IOC", "IOC", "{739E384A-9EBA-475E-8622-D8F464C7D149}"
EndProject
Project("{FAE04EC0-301F-11D3-BF4B-00C04F79EFBC}") = "ArtemisBankingPro.IOC", "Source\ArtemisBankingPro.IOC\ArtemisBankingPro.IOC.csproj", "{F3EB9839-40F0-4349-8C8C-1813CEC43604}"
EndProject
Project("{2150E333-8FDC-42A3-9474-1A3956D46DE8}") = "Tests", "Tests", "{8E801912-4357-49BE-9F49-102990D3062F}"
EndProject
Project("{FAE04EC0-301F-11D3-BF4B-00C04F79EFBC}") = "ArtemisBankingPro.Integration.Tests", "Source\Tests\ArtemisBankingPro.Integration.Tests\ArtemisBankingPro.Integration.Tests.csproj", "{8991142D-199C-4A1B-9621-C96808FCD638}"
EndProject
Project("{FAE04EC0-301F-11D3-BF4B-00C04F79EFBC}") = "ArtemisBankingPro.Unit.Tests", "Source\Tests\ArtemisBankingPro.Unit.Tests\ArtemisBankingPro.Unit.Tests.csproj", "{9A773332-EC6A-4179-8240-9BC7B0CFF797}"
EndProject
Project("{2150E333-8FDC-42A3-9474-1A3956D46DE8}") = "AzureFuctions", "AzureFuctions", "{94E997B9-2231-45C9-BD4A-74FF65C77457}"
EndProject
Project("{FAE04EC0-301F-11D3-BF4B-00C04F79EFBC}") = "ArtemisBankingPro.Presentation.AzureFunction", "Source\Presentation\ArtemisBankingPro.Presentation.AzureFunction\ArtemisBankingPro.Presentation.AzureFunction.csproj", "{073C858D-D989-4C41-B57D-AA0102C72E77}"
EndProject
Global
	GlobalSection(SolutionConfigurationPlatforms) = preSolution
		Debug|Any CPU = Debug|Any CPU
		Release|Any CPU = Release|Any CPU
	EndGlobalSection
	GlobalSection(ProjectConfigurationPlatforms) = postSolution
		{5BC0B173-5D2E-4F4A-8321-676E0A726E3E}.Debug|Any CPU.ActiveCfg = Debug|Any CPU
		{5BC0B173-5D2E-4F4A-8321-676E0A726E3E}.Debug|Any CPU.Build.0 = Debug|Any CPU
		{5BC0B173-5D2E-4F4A-8321-676E0A726E3E}.Release|Any CPU.ActiveCfg = Release|Any CPU
		{5BC0B173-5D2E-4F4A-8321-676E0A726E3E}.Release|Any CPU.Build.0 = Release|Any CPU
		{03BC6C26-ED30-40F0-BB3E-A360CEA64890}.Debug|Any CPU.ActiveCfg = Debug|Any CPU
		{03BC6C26-ED30-40F0-BB3E-A360CEA64890}.Debug|Any CPU.Build.0 = Debug|Any CPU
		{03BC6C26-ED30-40F0-BB3E-A360CEA64890}.Release|Any CPU.ActiveCfg = Release|Any CPU
		{03BC6C26-ED30-40F0-BB3E-A360CEA64890}.Release|Any CPU.Build.0 = Release|Any CPU
		{29770637-7F54-4AF6-85FA-B268EFD4B1EA}.Debug|Any CPU.ActiveCfg = Debug|Any CPU
		{29770637-7F54-4AF6-85FA-B268EFD4B1EA}.Debug|Any CPU.Build.0 = Debug|Any CPU
		{29770637-7F54-4AF6-85FA-B268EFD4B1EA}.Release|Any CPU.ActiveCfg = Release|Any CPU
		{29770637-7F54-4AF6-85FA-B268EFD4B1EA}.Release|Any CPU.Build.0 = Release|Any CPU
		{5B7CDE53-806F-45B0-B347-BE779E55A763}.Debug|Any CPU.ActiveCfg = Debug|Any CPU
		{5B7CDE53-806F-45B0-B347-BE779E55A763}.Debug|Any CPU.Build.0 = Debug|Any CPU
		{5B7CDE53-806F-45B0-B347-BE779E55A763}.Release|Any CPU.ActiveCfg = Release|Any CPU
		{5B7CDE53-806F-45B0-B347-BE779E55A763}.Release|Any CPU.Build.0 = Release|Any CPU
		{E5F19579-9734-4713-A032-1B7C154609DE}.Debug|Any CPU.ActiveCfg = Debug|Any CPU
		{E5F19579-9734-4713-A032-1B7C154609DE}.Debug|Any CPU.Build.0 = Debug|Any CPU
		{E5F19579-9734-4713-A032-1B7C154609DE}.Release|Any CPU.ActiveCfg = Release|Any CPU
		{E5F19579-9734-4713-A032-1B7C154609DE}.Release|Any CPU.Build.0 = Release|Any CPU
		{88CF5F5D-AACF-4CE1-9E59-2F807FB262F1}.Debug|Any CPU.ActiveCfg = Debug|Any CPU
		{88CF5F5D-AACF-4CE1-9E59-2F807FB262F1}.Debug|Any CPU.Build.0 = Debug|Any CPU
		{88CF5F5D-AACF-4CE1-9E59-2F807FB262F1}.Release|Any CPU.ActiveCfg = Release|Any CPU
		{88CF5F5D-AACF-4CE1-9E59-2F807FB262F1}.Release|Any CPU.Build.0 = Release|Any CPU
		{E9118DF3-2CE6-4EE8-8C66-7057EAC0A32C}.Debug|Any CPU.ActiveCfg = Debug|Any CPU
		{E9118DF3-2CE6-4EE8-8C66-7057EAC0A32C}.Debug|Any CPU.Build.0 = Debug|Any CPU
		{E9118DF3-2CE6-4EE8-8C66-7057EAC0A32C}.Release|Any CPU.ActiveCfg = Release|Any CPU
		{E9118DF3-2CE6-4EE8-8C66-7057EAC0A32C}.Release|Any CPU.Build.0 = Release|Any CPU
		{F3EB9839-40F0-4349-8C8C-1813CEC43604}.Debug|Any CPU.ActiveCfg = Debug|Any CPU
		{F3EB9839-40F0-4349-8C8C-1813CEC43604}.Debug|Any CPU.Build.0 = Debug|Any CPU
		{F3EB9839-40F0-4349-8C8C-1813CEC43604}.Release|Any CPU.ActiveCfg = Release|Any CPU
		{F3EB9839-40F0-4349-8C8C-1813CEC43604}.Release|Any CPU.Build.0 = Release|Any CPU
		{8991142D-199C-4A1B-9621-C96808FCD638}.Debug|Any CPU.ActiveCfg = Debug|Any CPU
		{8991142D-199C-4A1B-9621-C96808FCD638}.Debug|Any CPU.Build.0 = Debug|Any CPU
		{8991142D-199C-4A1B-9621-C96808FCD638}.Release|Any CPU.ActiveCfg = Release|Any CPU
		{8991142D-199C-4A1B-9621-C96808FCD638}.Release|Any CPU.Build.0 = Release|Any CPU
		{9A773332-EC6A-4179-8240-9BC7B0CFF797}.Debug|Any CPU.ActiveCfg = Debug|Any CPU
		{9A773332-EC6A-4179-8240-9BC7B0CFF797}.Debug|Any CPU.Build.0 = Debug|Any CPU
		{9A773332-EC6A-4179-8240-9BC7B0CFF797}.Release|Any CPU.ActiveCfg = Release|Any CPU
		{9A773332-EC6A-4179-8240-9BC7B0CFF797}.Release|Any CPU.Build.0 = Release|Any CPU
		{073C858D-D989-4C41-B57D-AA0102C72E77}.Debug|Any CPU.ActiveCfg = Debug|Any CPU
		{073C858D-D989-4C41-B57D-AA0102C72E77}.Debug|Any CPU.Build.0 = Debug|Any CPU
		{073C858D-D989-4C41-B57D-AA0102C72E77}.Release|Any CPU.ActiveCfg = Release|Any CPU
		{073C858D-D989-4C41-B57D-AA0102C72E77}.Release|Any CPU.Build.0 = Release|Any CPU
	EndGlobalSection
	GlobalSection(SolutionProperties) = preSolution
		HideSolutionNode = FALSE
	EndGlobalSection
	GlobalSection(NestedProjects) = preSolution
		{6851DCF9-76D7-4D55-A416-19D5A5C28442} = {02EA681E-C7D8-13C7-8484-4AC65E1B71E8}
		{5BC0B173-5D2E-4F4A-8321-676E0A726E3E} = {6851DCF9-76D7-4D55-A416-19D5A5C28442}
		{03BC6C26-ED30-40F0-BB3E-A360CEA64890} = {6851DCF9-76D7-4D55-A416-19D5A5C28442}
		{BC95AFB0-2CBE-40B8-B2C3-D5033E289992} = {02EA681E-C7D8-13C7-8484-4AC65E1B71E8}
		{B2F2200D-AD44-45EF-BA1A-84AB3950AF32} = {BC95AFB0-2CBE-40B8-B2C3-D5033E289992}
		{29770637-7F54-4AF6-85FA-B268EFD4B1EA} = {B2F2200D-AD44-45EF-BA1A-84AB3950AF32}
		{30CCAF8D-87AF-4A5C-BD4A-A8811199EA4D} = {BC95AFB0-2CBE-40B8-B2C3-D5033E289992}
		{5B7CDE53-806F-45B0-B347-BE779E55A763} = {30CCAF8D-87AF-4A5C-BD4A-A8811199EA4D}
		{D36CC0CC-0632-40F6-A417-9DDE08C5E9FD} = {BC95AFB0-2CBE-40B8-B2C3-D5033E289992}
		{E5F19579-9734-4713-A032-1B7C154609DE} = {D36CC0CC-0632-40F6-A417-9DDE08C5E9FD}
		{15464B55-D345-459E-A4C8-510EC5EA4546} = {02EA681E-C7D8-13C7-8484-4AC65E1B71E8}
		{EF239262-9EDE-4B12-8C52-BF146D4DF6EF} = {15464B55-D345-459E-A4C8-510EC5EA4546}
		{88CF5F5D-AACF-4CE1-9E59-2F807FB262F1} = {EF239262-9EDE-4B12-8C52-BF146D4DF6EF}
		{D53970EB-C213-4920-AAD2-5131E45797BC} = {15464B55-D345-459E-A4C8-510EC5EA4546}
		{E9118DF3-2CE6-4EE8-8C66-7057EAC0A32C} = {D53970EB-C213-4920-AAD2-5131E45797BC}
		{739E384A-9EBA-475E-8622-D8F464C7D149} = {02EA681E-C7D8-13C7-8484-4AC65E1B71E8}
		{F3EB9839-40F0-4349-8C8C-1813CEC43604} = {739E384A-9EBA-475E-8622-D8F464C7D149}
		{8E801912-4357-49BE-9F49-102990D3062F} = {02EA681E-C7D8-13C7-8484-4AC65E1B71E8}
		{8991142D-199C-4A1B-9621-C96808FCD638} = {8E801912-4357-49BE-9F49-102990D3062F}
		{9A773332-EC6A-4179-8240-9BC7B0CFF797} = {8E801912-4357-49BE-9F49-102990D3062F}
		{94E997B9-2231-45C9-BD4A-74FF65C77457} = {15464B55-D345-459E-A4C8-510EC5EA4546}
		{073C858D-D989-4C41-B57D-AA0102C72E77} = {94E997B9-2231-45C9-BD4A-74FF65C77457}
	EndGlobalSection
	GlobalSection(ExtensibilityGlobals) = postSolution
		SolutionGuid = {94A59349-0E55-4678-82AE-526FA9D1CF67}
	EndGlobalSection
EndGlobal
